
Microsoft Visual Studio Solution File, Format Version 12.00
Project("{FAE04EC0-301F-11D3-BF4B-00C04F79EFBC}") = "RadBot", "RadBot\RadBot.csproj", "{BFFB99CF-4A31-46F3-8E64-EBE15F3C86FE}"
EndProject
Project("{FAE04EC0-301F-11D3-BF4B-00C04F79EFBC}") = "RadBot.Modules", "RadBot.Modules\RadBot.Modules.csproj", "{B93475E8-9EA5-42D2-BCE8-356DE4BED6E5}"
EndProject
Global
	GlobalSection(SolutionConfigurationPlatforms) = preSolution
		Debug|Any CPU = Debug|Any CPU
		Release|Any CPU = Release|Any CPU
	EndGlobalSection
	GlobalSection(ProjectConfigurationPlatforms) = postSolution
		{BFFB99CF-4A31-46F3-8E64-EBE15F3C86FE}.Debug|Any CPU.ActiveCfg = Debug|Any CPU
		{BFFB99CF-4A31-46F3-8E64-EBE15F3C86FE}.Debug|Any CPU.Build.0 = Debug|Any CPU
		{BFFB99CF-4A31-46F3-8E64-EBE15F3C86FE}.Release|Any CPU.ActiveCfg = Release|Any CPU
		{BFFB99CF-4A31-46F3-8E64-EBE15F3C86FE}.Release|Any CPU.Build.0 = Release|Any CPU
		{B93475E8-9EA5-42D2-BCE8-356DE4BED6E5}.Debug|Any CPU.ActiveCfg = Debug|Any CPU
		{B93475E8-9EA5-42D2-BCE8-356DE4BED6E5}.Debug|Any CPU.Build.0 = Debug|Any CPU
		{B93475E8-9EA5-42D2-BCE8-356DE4BED6E5}.Release|Any CPU.ActiveCfg = Release|Any CPU
		{B93475E8-9EA5-42D2-BCE8-356DE4BED6E5}.Release|Any CPU.Build.0 = Release|Any CPU
	EndGlobalSection
EndGlobal
